// !$*UTF8*$!
{
	archiveVersion = 1;
	classes = {
	};
	objectVersion = 51;
	objects = {

/* Begin PBXBuildFile section */
		475D911F385C6E5C9D3290C3 /* Pods_MyPlaces.framework in Frameworks */ = {isa = PBXBuildFile; fileRef = 3BAB1F1D5C6EDC7E4A5FA94A /* Pods_MyPlaces.framework */; };
		FE2D7CD0249669F600D8E505 /* StorageMenadger.swift in Sources */ = {isa = PBXBuildFile; fileRef = FE2D7CCF249669F600D8E505 /* StorageMenadger.swift */; };
		FE2D7CD22496CDA200D8E505 /* RatingControl.swift in Sources */ = {isa = PBXBuildFile; fileRef = FE2D7CD12496CDA200D8E505 /* RatingControl.swift */; };
		FE8AE7ED24952E7B00D68622 /* AppDelegate.swift in Sources */ = {isa = PBXBuildFile; fileRef = FE8AE7EC24952E7B00D68622 /* AppDelegate.swift */; };
		FE8AE7F424952E7B00D68622 /* Main.storyboard in Resources */ = {isa = PBXBuildFile; fileRef = FE8AE7F224952E7B00D68622 /* Main.storyboard */; };
		FE8AE7F624952E7B00D68622 /* Assets.xcassets in Resources */ = {isa = PBXBuildFile; fileRef = FE8AE7F524952E7B00D68622 /* Assets.xcassets */; };
		FE8AE7F924952E7B00D68622 /* LaunchScreen.storyboard in Resources */ = {isa = PBXBuildFile; fileRef = FE8AE7F724952E7B00D68622 /* LaunchScreen.storyboard */; };
		FE8AE80124953FB600D68622 /* MainViewController.swift in Sources */ = {isa = PBXBuildFile; fileRef = FE8AE80024953FB600D68622 /* MainViewController.swift */; };
		FE8AE803249540D300D68622 /* SceneDelegate.swift in Sources */ = {isa = PBXBuildFile; fileRef = FE8AE802249540D300D68622 /* SceneDelegate.swift */; };
		FE8AE80524955BFD00D68622 /* CustomTableViewCell.swift in Sources */ = {isa = PBXBuildFile; fileRef = FE8AE80424955BFD00D68622 /* CustomTableViewCell.swift */; };
		FE8AE807249567B300D68622 /* PlaceModel.swift in Sources */ = {isa = PBXBuildFile; fileRef = FE8AE806249567B300D68622 /* PlaceModel.swift */; };
		FE8AE80924957C4700D68622 /* NewPlaceViewController.swift in Sources */ = {isa = PBXBuildFile; fileRef = FE8AE80824957C4700D68622 /* NewPlaceViewController.swift */; };
		FEADC7ED2497C5D000F70B71 /* MapViewController.swift in Sources */ = {isa = PBXBuildFile; fileRef = FEADC7EC2497C5D000F70B71 /* MapViewController.swift */; };
/* End PBXBuildFile section */

/* Begin PBXFileReference section */
		3BAB1F1D5C6EDC7E4A5FA94A /* Pods_MyPlaces.framework */ = {isa = PBXFileReference; explicitFileType = wrapper.framework; includeInIndex = 0; path = Pods_MyPlaces.framework; sourceTree = BUILT_PRODUCTS_DIR; };
		7B7B19B7F253260827A5B6F8 /* Pods-MyPlaces.release.xcconfig */ = {isa = PBXFileReference; includeInIndex = 1; lastKnownFileType = text.xcconfig; name = "Pods-MyPlaces.release.xcconfig"; path = "Target Support Files/Pods-MyPlaces/Pods-MyPlaces.release.xcconfig"; sourceTree = "<group>"; };
		DB10C927DDE5CD0105D8CC15 /* Pods-MyPlaces.debug.xcconfig */ = {isa = PBXFileReference; includeInIndex = 1; lastKnownFileType = text.xcconfig; name = "Pods-MyPlaces.debug.xcconfig"; path = "Target Support Files/Pods-MyPlaces/Pods-MyPlaces.debug.xcconfig"; sourceTree = "<group>"; };
		FE2D7CCF249669F600D8E505 /* StorageMenadger.swift */ = {isa = PBXFileReference; lastKnownFileType = sourcecode.swift; path = StorageMenadger.swift; sourceTree = "<group>"; };
		FE2D7CD12496CDA200D8E505 /* RatingControl.swift */ = {isa = PBXFileReference; lastKnownFileType = sourcecode.swift; path = RatingControl.swift; sourceTree = "<group>"; };
		FE8AE7E924952E7B00D68622 /* MyPlaces.app */ = {isa = PBXFileReference; explicitFileType = wrapper.application; includeInIndex = 0; path = MyPlaces.app; sourceTree = BUILT_PRODUCTS_DIR; };
		FE8AE7EC24952E7B00D68622 /* AppDelegate.swift */ = {isa = PBXFileReference; lastKnownFileType = sourcecode.swift; path = AppDelegate.swift; sourceTree = "<group>"; };
		FE8AE7F324952E7B00D68622 /* Base */ = {isa = PBXFileReference; lastKnownFileType = file.storyboard; name = Base; path = Base.lproj/Main.storyboard; sourceTree = "<group>"; };
		FE8AE7F524952E7B00D68622 /* Assets.xcassets */ = {isa = PBXFileReference; lastKnownFileType = folder.assetcatalog; path = Assets.xcassets; sourceTree = "<group>"; };
		FE8AE7F824952E7B00D68622 /* Base */ = {isa = PBXFileReference; lastKnownFileType = file.storyboard; name = Base; path = Base.lproj/LaunchScreen.storyboard; sourceTree = "<group>"; };
		FE8AE7FA24952E7B00D68622 /* Info.plist */ = {isa = PBXFileReference; lastKnownFileType = text.plist.xml; path = Info.plist; sourceTree = "<group>"; };
		FE8AE80024953FB600D68622 /* MainViewController.swift */ = {isa = PBXFileReference; lastKnownFileType = sourcecode.swift; path = MainViewController.swift; sourceTree = "<group>"; };
		FE8AE802249540D300D68622 /* SceneDelegate.swift */ = {isa = PBXFileReference; lastKnownFileType = sourcecode.swift; path = SceneDelegate.swift; sourceTree = "<group>"; };
		FE8AE80424955BFD00D68622 /* CustomTableViewCell.swift */ = {isa = PBXFileReference; lastKnownFileType = sourcecode.swift; path = CustomTableViewCell.swift; sourceTree = "<group>"; };
		FE8AE806249567B300D68622 /* PlaceModel.swift */ = {isa = PBXFileReference; lastKnownFileType = sourcecode.swift; path = PlaceModel.swift; sourceTree = "<group>"; };
		FE8AE80824957C4700D68622 /* NewPlaceViewController.swift */ = {isa = PBXFileReference; lastKnownFileType = sourcecode.swift; path = NewPlaceViewController.swift; sourceTree = "<group>"; };
		FEADC7EC2497C5D000F70B71 /* MapViewController.swift */ = {isa = PBXFileReference; lastKnownFileType = sourcecode.swift; path = MapViewController.swift; sourceTree = "<group>"; };
/* End PBXFileReference section */

/* Begin PBXFrameworksBuildPhase section */
		FE8AE7E624952E7B00D68622 /* Frameworks */ = {
			isa = PBXFrameworksBuildPhase;
			buildActionMask = 2147483647;
			files = (
				475D911F385C6E5C9D3290C3 /* Pods_MyPlaces.framework in Frameworks */,
			);
			runOnlyForDeploymentPostprocessing = 0;
		};
/* End PBXFrameworksBuildPhase section */

/* Begin PBXGroup section */
		72342663A90BD4D4BEA222EF /* Frameworks */ = {
			isa = PBXGroup;
			children = (
				3BAB1F1D5C6EDC7E4A5FA94A /* Pods_MyPlaces.framework */,
			);
			name = Frameworks;
			sourceTree = "<group>";
		};
		A2C6CF98B76B30B27AF0BDD5 /* Pods */ = {
			isa = PBXGroup;
			children = (
				DB10C927DDE5CD0105D8CC15 /* Pods-MyPlaces.debug.xcconfig */,
				7B7B19B7F253260827A5B6F8 /* Pods-MyPlaces.release.xcconfig */,
			);
			path = Pods;
			sourceTree = "<group>";
		};
		FE8AE7E024952E7B00D68622 = {
			isa = PBXGroup;
			children = (
				FE8AE7EB24952E7B00D68622 /* MyPlaces */,
				FE8AE7EA24952E7B00D68622 /* Products */,
				A2C6CF98B76B30B27AF0BDD5 /* Pods */,
				72342663A90BD4D4BEA222EF /* Frameworks */,
			);
			sourceTree = "<group>";
		};
		FE8AE7EA24952E7B00D68622 /* Products */ = {
			isa = PBXGroup;
			children = (
				FE8AE7E924952E7B00D68622 /* MyPlaces.app */,
			);
			name = Products;
			sourceTree = "<group>";
		};
		FE8AE7EB24952E7B00D68622 /* MyPlaces */ = {
			isa = PBXGroup;
			children = (
				FE8AE7EC24952E7B00D68622 /* AppDelegate.swift */,
				FEADC7EC2497C5D000F70B71 /* MapViewController.swift */,
				FE8AE802249540D300D68622 /* SceneDelegate.swift */,
				FE2D7CCF249669F600D8E505 /* StorageMenadger.swift */,
				FE8AE80024953FB600D68622 /* MainViewController.swift */,
				FE8AE80824957C4700D68622 /* NewPlaceViewController.swift */,
				FE8AE806249567B300D68622 /* PlaceModel.swift */,
				FE8AE80424955BFD00D68622 /* CustomTableViewCell.swift */,
				FE2D7CD12496CDA200D8E505 /* RatingControl.swift */,
				FE8AE7F224952E7B00D68622 /* Main.storyboard */,
				FE8AE7F524952E7B00D68622 /* Assets.xcassets */,
				FE8AE7F724952E7B00D68622 /* LaunchScreen.storyboard */,
				FE8AE7FA24952E7B00D68622 /* Info.plist */,
			);
			path = MyPlaces;
			sourceTree = "<group>";
		};
/* End PBXGroup section */

/* Begin PBXNativeTarget section */
		FE8AE7E824952E7B00D68622 /* MyPlaces */ = {
			isa = PBXNativeTarget;
			buildConfigurationList = FE8AE7FD24952E7B00D68622 /* Build configuration list for PBXNativeTarget "MyPlaces" */;
			buildPhases = (
				24AE43F58F9B78104F51EE90 /* [CP] Check Pods Manifest.lock */,
				FE8AE7E524952E7B00D68622 /* Sources */,
				FE8AE7E624952E7B00D68622 /* Frameworks */,
				FE8AE7E724952E7B00D68622 /* Resources */,
				F741BA7DFA95C47274E0A0FB /* [CP] Embed Pods Frameworks */,
			);
			buildRules = (
			);
			dependencies = (
			);
			name = MyPlaces;
			productName = MyPlaces;
			productReference = FE8AE7E924952E7B00D68622 /* MyPlaces.app */;
			productType = "com.apple.product-type.application";
		};
/* End PBXNativeTarget section */

/* Begin PBXProject section */
		FE8AE7E124952E7B00D68622 /* Project object */ = {
			isa = PBXProject;
			attributes = {
				LastSwiftUpdateCheck = 1150;
				LastUpgradeCheck = 1150;
				ORGANIZATIONNAME = "Виталий Липовецкий";
				TargetAttributes = {
					FE8AE7E824952E7B00D68622 = {
						CreatedOnToolsVersion = 11.5;
					};
				};
			};
			buildConfigurationList = FE8AE7E424952E7B00D68622 /* Build configuration list for PBXProject "MyPlaces" */;
			compatibilityVersion = "Xcode 9.3";
			developmentRegion = en;
			hasScannedForEncodings = 0;
			knownRegions = (
				en,
				Base,
			);
			mainGroup = FE8AE7E024952E7B00D68622;
			productRefGroup = FE8AE7EA24952E7B00D68622 /* Products */;
			projectDirPath = "";
			projectRoot = "";
			targets = (
				FE8AE7E824952E7B00D68622 /* MyPlaces */,
			);
		};
/* End PBXProject section */

/* Begin PBXResourcesBuildPhase section */
		FE8AE7E724952E7B00D68622 /* Resources */ = {
			isa = PBXResourcesBuildPhase;
			buildActionMask = 2147483647;
			files = (
				FE8AE7F924952E7B00D68622 /* LaunchScreen.storyboard in Resources */,
				FE8AE7F624952E7B00D68622 /* Assets.xcassets in Resources */,
				FE8AE7F424952E7B00D68622 /* Main.storyboard in Resources */,
			);
			runOnlyForDeploymentPostprocessing = 0;
		};
/* End PBXResourcesBuildPhase section */

/* Begin PBXShellScriptBuildPhase section */
		24AE43F58F9B78104F51EE90 /* [CP] Check Pods Manifest.lock */ = {
			isa = PBXShellScriptBuildPhase;
			buildActionMask = 2147483647;
			files = (
			);
			inputFileListPaths = (
			);
			inputPaths = (
				"${PODS_PODFILE_DIR_PATH}/Podfile.lock",
				"${PODS_ROOT}/Manifest.lock",
			);
			name = "[CP] Check Pods Manifest.lock";
			outputFileListPaths = (
			);
			outputPaths = (
				"$(DERIVED_FILE_DIR)/Pods-MyPlaces-checkManifestLockResult.txt",
			);
			runOnlyForDeploymentPostprocessing = 0;
			shellPath = /bin/sh;
			shellScript = "diff \"${PODS_PODFILE_DIR_PATH}/Podfile.lock\" \"${PODS_ROOT}/Manifest.lock\" > /dev/null\nif [ $? != 0 ] ; then\n    # print error to STDERR\n    echo \"error: The sandbox is not in sync with the Podfile.lock. Run 'pod install' or update your CocoaPods installation.\" >&2\n    exit 1\nfi\n# This output is used by Xcode 'outputs' to avoid re-running this script phase.\necho \"SUCCESS\" > \"${SCRIPT_OUTPUT_FILE_0}\"\n";
			showEnvVarsInLog = 0;
		};
		F741BA7DFA95C47274E0A0FB /* [CP] Embed Pods Frameworks */ = {
			isa = PBXShellScriptBuildPhase;
			buildActionMask = 2147483647;
			files = (
			);
			inputFileListPaths = (
				"${PODS_ROOT}/Target Support Files/Pods-MyPlaces/Pods-MyPlaces-frameworks-${CONFIGURATION}-input-files.xcfilelist",
			);
			name = "[CP] Embed Pods Frameworks";
			outputFileListPaths = (
				"${PODS_ROOT}/Target Support Files/Pods-MyPlaces/Pods-MyPlaces-frameworks-${CONFIGURATION}-output-files.xcfilelist",
			);
			runOnlyForDeploymentPostprocessing = 0;
			shellPath = /bin/sh;
			shellScript = "\"${PODS_ROOT}/Target Support Files/Pods-MyPlaces/Pods-MyPlaces-frameworks.sh\"\n";
			showEnvVarsInLog = 0;
		};
/* End PBXShellScriptBuildPhase section */

/* Begin PBXSourcesBuildPhase section */
		FE8AE7E524952E7B00D68622 /* Sources */ = {
			isa = PBXSourcesBuildPhase;
			buildActionMask = 2147483647;
			files = (
				FE8AE7ED24952E7B00D68622 /* AppDelegate.swift in Sources */,
				FE8AE80924957C4700D68622 /* NewPlaceViewController.swift in Sources */,
				FE2D7CD0249669F600D8E505 /* StorageMenadger.swift in Sources */,
				FE8AE80124953FB600D68622 /* MainViewController.swift in Sources */,
				FEADC7ED2497C5D000F70B71 /* MapViewController.swift in Sources */,
				FE2D7CD22496CDA200D8E505 /* RatingControl.swift in Sources */,
				FE8AE807249567B300D68622 /* PlaceModel.swift in Sources */,
				FE8AE80524955BFD00D68622 /* CustomTableViewCell.swift in Sources */,
				FE8AE803249540D300D68622 /* SceneDelegate.swift in Sources */,
			);
			runOnlyForDeploymentPostprocessing = 0;
		};
/* End PBXSourcesBuildPhase section */

/* Begin PBXVariantGroup section */
		FE8AE7F224952E7B00D68622 /* Main.storyboard */ = {
			isa = PBXVariantGroup;
			children = (
				FE8AE7F324952E7B00D68622 /* Base */,
			);
			name = Main.storyboard;
			sourceTree = "<group>";
		};
		FE8AE7F724952E7B00D68622 /* LaunchScreen.storyboard */ = {
			isa = PBXVariantGroup;
			children = (
				FE8AE7F824952E7B00D68622 /* Base */,
			);
			name = LaunchScreen.storyboard;
			sourceTree = "<group>";
		};
/* End PBXVariantGroup section */

/* Begin XCBuildConfiguration section */
		FE8AE7FB24952E7B00D68622 /* Debug */ = {
			isa = XCBuildConfiguration;
			buildSettings = {
				ALWAYS_SEARCH_USER_PATHS = NO;
				CLANG_ANALYZER_NONNULL = YES;
				CLANG_ANALYZER_NUMBER_OBJECT_CONVERSION = YES_AGGRESSIVE;
				CLANG_CXX_LANGUAGE_STANDARD = "gnu++14";
				CLANG_CXX_LIBRARY = "libc++";
				CLANG_ENABLE_MODULES = YES;
				CLANG_ENABLE_OBJC_ARC = YES;
				CLANG_ENABLE_OBJC_WEAK = YES;
				CLANG_WARN_BLOCK_CAPTURE_AUTORELEASING = YES;
				CLANG_WARN_BOOL_CONVERSION = YES;
				CLANG_WARN_COMMA = YES;
				CLANG_WARN_CONSTANT_CONVERSION = YES;
				CLANG_WARN_DEPRECATED_OBJC_IMPLEMENTATIONS = YES;
				CLANG_WARN_DIRECT_OBJC_ISA_USAGE = YES_ERROR;
				CLANG_WARN_DOCUMENTATION_COMMENTS = YES;
				CLANG_WARN_EMPTY_BODY = YES;
				CLANG_WARN_ENUM_CONVERSION = YES;
				CLANG_WARN_INFINITE_RECURSION = YES;
				CLANG_WARN_INT_CONVERSION = YES;
				CLANG_WARN_NON_LITERAL_NULL_CONVERSION = YES;
				CLANG_WARN_OBJC_IMPLICIT_RETAIN_SELF = YES;
				CLANG_WARN_OBJC_LITERAL_CONVERSION = YES;
				CLANG_WARN_OBJC_ROOT_CLASS = YES_ERROR;
				CLANG_WARN_RANGE_LOOP_ANALYSIS = YES;
				CLANG_WARN_STRICT_PROTOTYPES = YES;
				CLANG_WARN_SUSPICIOUS_MOVE = YES;
				CLANG_WARN_UNGUARDED_AVAILABILITY = YES_AGGRESSIVE;
				CLANG_WARN_UNREACHABLE_CODE = YES;
				CLANG_WARN__DUPLICATE_METHOD_MATCH = YES;
				COPY_PHASE_STRIP = NO;
				DEBUG_INFORMATION_FORMAT = dwarf;
				ENABLE_STRICT_OBJC_MSGSEND = YES;
				ENABLE_TESTABILITY = YES;
				GCC_C_LANGUAGE_STANDARD = gnu11;
				GCC_DYNAMIC_NO_PIC = NO;
				GCC_NO_COMMON_BLOCKS = YES;
				GCC_OPTIMIZATION_LEVEL = 0;
				GCC_PREPROCESSOR_DEFINITIONS = (
					"DEBUG=1",
					"$(inherited)",
				);
				GCC_WARN_64_TO_32_BIT_CONVERSION = YES;
				GCC_WARN_ABOUT_RETURN_TYPE = YES_ERROR;
				GCC_WARN_UNDECLARED_SELECTOR = YES;
				GCC_WARN_UNINITIALIZED_AUTOS = YES_AGGRESSIVE;
				GCC_WARN_UNUSED_FUNCTION = YES;
				GCC_WARN_UNUSED_VARIABLE = YES;
				IPHONEOS_DEPLOYMENT_TARGET = 13.5;
				MTL_ENABLE_DEBUG_INFO = INCLUDE_SOURCE;
				MTL_FAST_MATH = YES;
				ONLY_ACTIVE_ARCH = YES;
				SDKROOT = iphoneos;
				SWIFT_ACTIVE_COMPILATION_CONDITIONS = DEBUG;
				SWIFT_OPTIMIZATION_LEVEL = "-Onone";
			};
			name = Debug;
		};
		FE8AE7FC24952E7B00D68622 /* Release */ = {
			isa = XCBuildConfiguration;
			buildSettings = {
				ALWAYS_SEARCH_USER_PATHS = NO;
				CLANG_ANALYZER_NONNULL = YES;
				CLANG_ANALYZER_NUMBER_OBJECT_CONVERSION = YES_AGGRESSIVE;
				CLANG_CXX_LANGUAGE_STANDARD = "gnu++14";
				CLANG_CXX_LIBRARY = "libc++";
				CLANG_ENABLE_MODULES = YES;
				CLANG_ENABLE_OBJC_ARC = YES;
				CLANG_ENABLE_OBJC_WEAK = YES;
				CLANG_WARN_BLOCK_CAPTURE_AUTORELEASING = YES;
				CLANG_WARN_BOOL_CONVERSION = YES;
				CLANG_WARN_COMMA = YES;
				CLANG_WARN_CONSTANT_CONVERSION = YES;
				CLANG_WARN_DEPRECATED_OBJC_IMPLEMENTATIONS = YES;
				CLANG_WARN_DIRECT_OBJC_ISA_USAGE = YES_ERROR;
				CLANG_WARN_DOCUMENTATION_COMMENTS = YES;
				CLANG_WARN_EMPTY_BODY = YES;
				CLANG_WARN_ENUM_CONVERSION = YES;
				CLANG_WARN_INFINITE_RECURSION = YES;
				CLANG_WARN_INT_CONVERSION = YES;
				CLANG_WARN_NON_LITERAL_NULL_CONVERSION = YES;
				CLANG_WARN_OBJC_IMPLICIT_RETAIN_SELF = YES;
				CLANG_WARN_OBJC_LITERAL_CONVERSION = YES;
				CLANG_WARN_OBJC_ROOT_CLASS = YES_ERROR;
				CLANG_WARN_RANGE_LOOP_ANALYSIS = YES;
				CLANG_WARN_STRICT_PROTOTYPES = YES;
				CLANG_WARN_SUSPICIOUS_MOVE = YES;
				CLANG_WARN_UNGUARDED_AVAILABILITY = YES_AGGRESSIVE;
				CLANG_WARN_UNREACHABLE_CODE = YES;
				CLANG_WARN__DUPLICATE_METHOD_MATCH = YES;
				COPY_PHASE_STRIP = NO;
				DEBUG_INFORMATION_FORMAT = "dwarf-with-dsym";
				ENABLE_NS_ASSERTIONS = NO;
				ENABLE_STRICT_OBJC_MSGSEND = YES;
				GCC_C_LANGUAGE_STANDARD = gnu11;
				GCC_NO_COMMON_BLOCKS = YES;
				GCC_WARN_64_TO_32_BIT_CONVERSION = YES;
				GCC_WARN_ABOUT_RETURN_TYPE = YES_ERROR;
				GCC_WARN_UNDECLARED_SELECTOR = YES;
				GCC_WARN_UNINITIALIZED_AUTOS = YES_AGGRESSIVE;
				GCC_WARN_UNUSED_FUNCTION = YES;
				GCC_WARN_UNUSED_VARIABLE = YES;
				IPHONEOS_DEPLOYMENT_TARGET = 13.5;
				MTL_ENABLE_DEBUG_INFO = NO;
				MTL_FAST_MATH = YES;
				SDKROOT = iphoneos;
				SWIFT_COMPILATION_MODE = wholemodule;
				SWIFT_OPTIMIZATION_LEVEL = "-O";
				VALIDATE_PRODUCT = YES;
			};
			name = Release;
		};
		FE8AE7FE24952E7B00D68622 /* Debug */ = {
			isa = XCBuildConfiguration;
			baseConfigurationReference = DB10C927DDE5CD0105D8CC15 /* Pods-MyPlaces.debug.xcconfig */;
			buildSettings = {
				ASSETCATALOG_COMPILER_APPICON_NAME = AppIcon;
				CODE_SIGN_IDENTITY = "Apple Development";
				CODE_SIGN_STYLE = Automatic;
				DEVELOPMENT_TEAM = 52Y69M585N;
				INFOPLIST_FILE = MyPlaces/Info.plist;
				LD_RUNPATH_SEARCH_PATHS = (
					"$(inherited)",
					"@executable_path/Frameworks",
				);
				PRODUCT_BUNDLE_IDENTIFIER = Vitaliy.MyPlaces;
				PRODUCT_NAME = "$(TARGET_NAME)";
				PROVISIONING_PROFILE_SPECIFIER = "";
				SWIFT_VERSION = 5.0;
				TARGETED_DEVICE_FAMILY = "1,2";
			};
			name = Debug;
		};
		FE8AE7FF24952E7B00D68622 /* Release */ = {
			isa = XCBuildConfiguration;
			baseConfigurationReference = 7B7B19B7F253260827A5B6F8 /* Pods-MyPlaces.release.xcconfig */;
			buildSettings = {
				ASSETCATALOG_COMPILER_APPICON_NAME = AppIcon;
				CODE_SIGN_IDENTITY = "Apple Development";
				CODE_SIGN_STYLE = Automatic;
				DEVELOPMENT_TEAM = 52Y69M585N;
				INFOPLIST_FILE = MyPlaces/Info.plist;
				LD_RUNPATH_SEARCH_PATHS = (
					"$(inherited)",
					"@executable_path/Frameworks",
				);
				PRODUCT_BUNDLE_IDENTIFIER = Vitaliy.MyPlaces;
				PRODUCT_NAME = "$(TARGET_NAME)";
				PROVISIONING_PROFILE_SPECIFIER = "";
				SWIFT_VERSION = 5.0;
				TARGETED_DEVICE_FAMILY = "1,2";
			};
			name = Release;
		};
/* End XCBuildConfiguration section */

/* Begin XCConfigurationList section */
		FE8AE7E424952E7B00D68622 /* Build configuration list for PBXProject "MyPlaces" */ = {
			isa = XCConfigurationList;
			buildConfigurations = (
				FE8AE7FB24952E7B00D68622 /* Debug */,
				FE8AE7FC24952E7B00D68622 /* Release */,
			);
			defaultConfigurationIsVisible = 0;
			defaultConfigurationName = Release;
		};
		FE8AE7FD24952E7B00D68622 /* Build configuration list for PBXNativeTarget "MyPlaces" */ = {
			isa = XCConfigurationList;
			buildConfigurations = (
				FE8AE7FE24952E7B00D68622 /* Debug */,
				FE8AE7FF24952E7B00D68622 /* Release */,
			);
			defaultConfigurationIsVisible = 0;
			defaultConfigurationName = Release;
		};
/* End XCConfigurationList section */
	};
	rootObject = FE8AE7E124952E7B00D68622 /* Project object */;
}
